
Microsoft Visual Studio Solution File, Format Version 12.00
# Visual Studio Version 16
VisualStudioVersion = 16.0.31515.178
MinimumVisualStudioVersion = 10.0.40219.1
Project("{9A19103F-16F7-4668-BE54-9A1E7A4F7556}") = "VRPLancher", "VRPLancher.csproj", "{A14E6A60-49AD-466B-8575-04BC1B9567AF}"
EndProject
Project("{2150E333-8FDC-42A3-9474-1A3956D46DE8}") = "Solution Items", "Solution Items", "{D4C381A7-ACBC-4616-AD58-A9DBF21CBF5F}"
	ProjectSection(SolutionItems) = preProject
		.editorconfig = .editorconfig
	EndProjectSection
EndProject
Global
	GlobalSection(SolutionConfigurationPlatforms) = preSolution
		Debug|Any CPU = Debug|Any CPU
		Release|Any CPU = Release|Any CPU
	EndGlobalSection
	GlobalSection(ProjectConfigurationPlatforms) = postSolution
		{A14E6A60-49AD-466B-8575-04BC1B9567AF}.Debug|Any CPU.ActiveCfg = Debug|Any CPU
		{A14E6A60-49AD-466B-8575-04BC1B9567AF}.Debug|Any CPU.Build.0 = Debug|Any CPU
		{A14E6A60-49AD-466B-8575-04BC1B9567AF}.Release|Any CPU.ActiveCfg = Release|Any CPU
		{A14E6A60-49AD-466B-8575-04BC1B9567AF}.Release|Any CPU.Build.0 = Release|Any CPU
	EndGlobalSection
	GlobalSection(SolutionProperties) = preSolution
		HideSolutionNode = FALSE
	EndGlobalSection
	GlobalSection(ExtensibilityGlobals) = postSolution
		SolutionGuid = {605397B7-6310-4B6F-9B46-A36948AFE21A}
	EndGlobalSection
EndGlobal
